<?xml version="1.0" encoding="utf-8"?>
<Project ToolsVersion="16.0" xmlns="http://schemas.microsoft.com/developer/msbuild/2003">
  <ItemGroup>
    <ClCompile Include="G:\Projects\x265-master\source\encoder\analysis.cpp">
      <Filter>Source Files</Filter>
    </ClCompile>
    <ClCompile Include="G:\Projects\x265-master\source\encoder\search.cpp">
      <Filter>Source Files</Filter>
    </ClCompile>
    <ClCompile Include="G:\Projects\x265-master\source\encoder\bitcost.cpp">
      <Filter>Source Files</Filter>
    </ClCompile>
    <ClCompile Include="G:\Projects\x265-master\source\encoder\motion.cpp">
      <Filter>Source Files</Filter>
    </ClCompile>
    <ClCompile Include="G:\Projects\x265-master\source\encoder\slicetype.cpp">
      <Filter>Source Files</Filter>
    </ClCompile>
    <ClCompile Include="G:\Projects\x265-master\source\encoder\frameencoder.cpp">
      <Filter>Source Files</Filter>
    </ClCompile>
    <ClCompile Include="G:\Projects\x265-master\source\encoder\framefilter.cpp">
      <Filter>Source Files</Filter>
    </ClCompile>
    <ClCompile Include="G:\Projects\x265-master\source\encoder\level.cpp">
      <Filter>Source Files</Filter>
    </ClCompile>
    <ClCompile Include="G:\Projects\x265-master\source\encoder\nal.cpp">
      <Filter>Source Files</Filter>
    </ClCompile>
    <ClCompile Include="G:\Projects\x265-master\source\encoder\sei.cpp">
      <Filter>Source Files</Filter>
    </ClCompile>
    <ClCompile Include="G:\Projects\x265-master\source\encoder\sao.cpp">
      <Filter>Source Files</Filter>
    </ClCompile>
    <ClCompile Include="G:\Projects\x265-master\source\encoder\entropy.cpp">
      <Filter>Source Files</Filter>
    </ClCompile>
    <ClCompile Include="G:\Projects\x265-master\source\encoder\dpb.cpp">
      <Filter>Source Files</Filter>
    </ClCompile>
    <ClCompile Include="G:\Projects\x265-master\source\encoder\ratecontrol.cpp">
      <Filter>Source Files</Filter>
    </ClCompile>
    <ClCompile Include="G:\Projects\x265-master\source\encoder\reference.cpp">
      <Filter>Source Files</Filter>
    </ClCompile>
    <ClCompile Include="G:\Projects\x265-master\source\encoder\encoder.cpp">
      <Filter>Source Files</Filter>
    </ClCompile>
    <ClCompile Include="G:\Projects\x265-master\source\encoder\api.cpp">
      <Filter>Source Files</Filter>
    </ClCompile>
    <ClCompile Include="G:\Projects\x265-master\source\encoder\weightPrediction.cpp">
      <Filter>Source Files</Filter>
    </ClCompile>
  </ItemGroup>
  <ItemGroup>
    <ClInclude Include="G:\Projects\x265-master\source\x265.h">
      <Filter>Header Files</Filter>
    </ClInclude>
    <ClInclude Include="G:\Projects\x265-master\source\encoder\analysis.h">
      <Filter>Header Files</Filter>
    </ClInclude>
    <ClInclude Include="G:\Projects\x265-master\source\encoder\search.h">
      <Filter>Header Files</Filter>
    </ClInclude>
    <ClInclude Include="G:\Projects\x265-master\source\encoder\bitcost.h">
      <Filter>Header Files</Filter>
    </ClInclude>
    <ClInclude Include="G:\Projects\x265-master\source\encoder\rdcost.h">
      <Filter>Header Files</Filter>
    </ClInclude>
    <ClInclude Include="G:\Projects\x265-master\source\encoder\motion.h">
      <Filter>Header Files</Filter>
    </ClInclude>
    <ClInclude Include="G:\Projects\x265-master\source\encoder\slicetype.h">
      <Filter>Header Files</Filter>
    </ClInclude>
    <ClInclude Include="G:\Projects\x265-master\source\encoder\frameencoder.h">
      <Filter>Header Files</Filter>
    </ClInclude>
    <ClInclude Include="G:\Projects\x265-master\source\encoder\framefilter.h">
      <Filter>Header Files</Filter>
    </ClInclude>
    <ClInclude Include="G:\Projects\x265-master\source\encoder\level.h">
      <Filter>Header Files</Filter>
    </ClInclude>
    <ClInclude Include="G:\Projects\x265-master\source\encoder\nal.h">
      <Filter>Header Files</Filter>
    </ClInclude>
    <ClInclude Include="G:\Projects\x265-master\source\encoder\sei.h">
      <Filter>Header Files</Filter>
    </ClInclude>
    <ClInclude Include="G:\Projects\x265-master\source\encoder\sao.h">
      <Filter>Header Files</Filter>
    </ClInclude>
    <ClInclude Include="G:\Projects\x265-master\source\encoder\entropy.h">
      <Filter>Header Files</Filter>
    </ClInclude>
    <ClInclude Include="G:\Projects\x265-master\source\encoder\dpb.h">
      <Filter>Header Files</Filter>
    </ClInclude>
    <ClInclude Include="G:\Projects\x265-master\source\encoder\ratecontrol.h">
      <Filter>Header Files</Filter>
    </ClInclude>
    <ClInclude Include="G:\Projects\x265-master\source\encoder\reference.h">
      <Filter>Header Files</Filter>
    </ClInclude>
    <ClInclude Include="G:\Projects\x265-master\source\encoder\encoder.h">
      <Filter>Header Files</Filter>
    </ClInclude>
    <ClInclude Include="G:\Projects\x265-master\source\encoder\svt.h">
      <Filter>Header Files</Filter>
    </ClInclude>
  </ItemGroup>
  <ItemGroup>
    <CustomBuild Include="G:\Projects\x265-master\source\encoder\CMakeLists.txt" />
  </ItemGroup>
  <ItemGroup>
    <Filter Include="Header Files">
      <UniqueIdentifier>{9A2023F6-45D5-31B7-B621-BCE56FE88BD2}</UniqueIdentifier>
    </Filter>
    <Filter Include="Source Files">
      <UniqueIdentifier>{B9A1690B-8090-3078-AA85-7326894F9778}</UniqueIdentifier>
    </Filter>
  </ItemGroup>
</Project>
