<?xml version="1.0" encoding="utf-8"?>
<Project ToolsVersion="16.0" xmlns="http://schemas.microsoft.com/developer/msbuild/2003">
  <ItemGroup>
    <CustomBuild Include="G:\Projects\x265-master\dest\CMakeFiles\0a8b28a05d1858509992810fba02fb92\INSTALL_force.rule">
      <Filter>CMake Rules</Filter>
    </CustomBuild>
  </ItemGroup>
  <ItemGroup>
    <Filter Include="CMake Rules">
      <UniqueIdentifier>{18698004-6FB9-366C-84C7-203FEAE3ED4D}</UniqueIdentifier>
    </Filter>
  </ItemGroup>
</Project>
