<?xml version="1.0" encoding="utf-8"?>
<Project ToolsVersion="16.0" xmlns="http://schemas.microsoft.com/developer/msbuild/2003">
  <ItemGroup>
    <CustomBuild Include="G:\Projects\x265-master\dest\CMakeFiles\e7303037b238eac85423fe97452b1752\uninstall.rule">
      <Filter>CMake Rules</Filter>
    </CustomBuild>
    <CustomBuild Include="G:\Projects\x265-master\source\CMakeLists.txt" />
  </ItemGroup>
  <ItemGroup>
    <None Include="G:\Projects\x265-master\dest\CMakeFiles\uninstall" />
  </ItemGroup>
  <ItemGroup>
    <Filter Include="CMake Rules">
      <UniqueIdentifier>{18698004-6FB9-366C-84C7-203FEAE3ED4D}</UniqueIdentifier>
    </Filter>
  </ItemGroup>
</Project>
