
Microsoft Visual Studio Solution File, Format Version 12.00
# Visual Studio Version 16
Project("{8BC9CEB8-8B4A-11D0-8D11-00A0C91BC942}") = "ALL_BUILD", "ALL_BUILD.vcxproj", "{097A827F-B95F-3B29-A4E5-5BD4632B5F7C}"
	ProjectSection(ProjectDependencies) = postProject
		{971AB2E6-6B98-3E3A-84FF-EF2F13A9227D} = {971AB2E6-6B98-3E3A-84FF-EF2F13A9227D}
		{AF1CDB25-BC00-3BBC-9C21-A52195BD9B25} = {AF1CDB25-BC00-3BBC-9C21-A52195BD9B25}
		{563FC4A5-0C04-354C-9558-3422C38565F6} = {563FC4A5-0C04-354C-9558-3422C38565F6}
		{063231E8-34BC-36F2-887E-B83646B5E5EB} = {063231E8-34BC-36F2-887E-B83646B5E5EB}
		{B7E4438F-45D2-3569-92A8-C0CD3C6768DC} = {B7E4438F-45D2-3569-92A8-C0CD3C6768DC}
		{C3ED7078-6468-30B9-B81D-86A76165005E} = {C3ED7078-6468-30B9-B81D-86A76165005E}
		{6E32B230-40FD-3627-8897-1DA3539F4AF4} = {6E32B230-40FD-3627-8897-1DA3539F4AF4}
		{C2E0C44D-79A0-3C23-95F7-A6BA245B6C60} = {C2E0C44D-79A0-3C23-95F7-A6BA245B6C60}
		{3D949B8B-DB23-3AC1-80A8-F5D08FF0316E} = {3D949B8B-DB23-3AC1-80A8-F5D08FF0316E}
	EndProjectSection
EndProject
Project("{8BC9CEB8-8B4A-11D0-8D11-00A0C91BC942}") = "INSTALL", "INSTALL.vcxproj", "{ADD3C42E-AA5F-3357-A1D0-112892249512}"
	ProjectSection(ProjectDependencies) = postProject
		{097A827F-B95F-3B29-A4E5-5BD4632B5F7C} = {097A827F-B95F-3B29-A4E5-5BD4632B5F7C}
		{971AB2E6-6B98-3E3A-84FF-EF2F13A9227D} = {971AB2E6-6B98-3E3A-84FF-EF2F13A9227D}
	EndProjectSection
EndProject
Project("{8BC9CEB8-8B4A-11D0-8D11-00A0C91BC942}") = "ZERO_CHECK", "ZERO_CHECK.vcxproj", "{971AB2E6-6B98-3E3A-84FF-EF2F13A9227D}"
	ProjectSection(ProjectDependencies) = postProject
	EndProjectSection
EndProject
Project("{8BC9CEB8-8B4A-11D0-8D11-00A0C91BC942}") = "cli", "cli.vcxproj", "{AF1CDB25-BC00-3BBC-9C21-A52195BD9B25}"
	ProjectSection(ProjectDependencies) = postProject
		{971AB2E6-6B98-3E3A-84FF-EF2F13A9227D} = {971AB2E6-6B98-3E3A-84FF-EF2F13A9227D}
		{3D949B8B-DB23-3AC1-80A8-F5D08FF0316E} = {3D949B8B-DB23-3AC1-80A8-F5D08FF0316E}
	EndProjectSection
EndProject
Project("{8BC9CEB8-8B4A-11D0-8D11-00A0C91BC942}") = "common", "common\common.vcxproj", "{563FC4A5-0C04-354C-9558-3422C38565F6}"
	ProjectSection(ProjectDependencies) = postProject
		{971AB2E6-6B98-3E3A-84FF-EF2F13A9227D} = {971AB2E6-6B98-3E3A-84FF-EF2F13A9227D}
	EndProjectSection
EndProject
Project("{8BC9CEB8-8B4A-11D0-8D11-00A0C91BC942}") = "dynamicHDR10", "dynamicHDR10\dynamicHDR10.vcxproj", "{063231E8-34BC-36F2-887E-B83646B5E5EB}"
	ProjectSection(ProjectDependencies) = postProject
		{971AB2E6-6B98-3E3A-84FF-EF2F13A9227D} = {971AB2E6-6B98-3E3A-84FF-EF2F13A9227D}
	EndProjectSection
EndProject
Project("{8BC9CEB8-8B4A-11D0-8D11-00A0C91BC942}") = "encoder", "encoder\encoder.vcxproj", "{B7E4438F-45D2-3569-92A8-C0CD3C6768DC}"
	ProjectSection(ProjectDependencies) = postProject
		{971AB2E6-6B98-3E3A-84FF-EF2F13A9227D} = {971AB2E6-6B98-3E3A-84FF-EF2F13A9227D}
	EndProjectSection
EndProject
Project("{8BC9CEB8-8B4A-11D0-8D11-00A0C91BC942}") = "hdr10plus-shared", "hdr10plus-shared.vcxproj", "{C3ED7078-6468-30B9-B81D-86A76165005E}"
	ProjectSection(ProjectDependencies) = postProject
		{971AB2E6-6B98-3E3A-84FF-EF2F13A9227D} = {971AB2E6-6B98-3E3A-84FF-EF2F13A9227D}
		{063231E8-34BC-36F2-887E-B83646B5E5EB} = {063231E8-34BC-36F2-887E-B83646B5E5EB}
	EndProjectSection
EndProject
Project("{8BC9CEB8-8B4A-11D0-8D11-00A0C91BC942}") = "hdr10plus-static", "hdr10plus-static.vcxproj", "{6E32B230-40FD-3627-8897-1DA3539F4AF4}"
	ProjectSection(ProjectDependencies) = postProject
		{971AB2E6-6B98-3E3A-84FF-EF2F13A9227D} = {971AB2E6-6B98-3E3A-84FF-EF2F13A9227D}
		{063231E8-34BC-36F2-887E-B83646B5E5EB} = {063231E8-34BC-36F2-887E-B83646B5E5EB}
	EndProjectSection
EndProject
Project("{8BC9CEB8-8B4A-11D0-8D11-00A0C91BC942}") = "uninstall", "uninstall.vcxproj", "{651F796A-F8A9-3EEC-8CD4-29674E4D161A}"
	ProjectSection(ProjectDependencies) = postProject
		{971AB2E6-6B98-3E3A-84FF-EF2F13A9227D} = {971AB2E6-6B98-3E3A-84FF-EF2F13A9227D}
	EndProjectSection
EndProject
Project("{8BC9CEB8-8B4A-11D0-8D11-00A0C91BC942}") = "x265-shared", "x265-shared.vcxproj", "{C2E0C44D-79A0-3C23-95F7-A6BA245B6C60}"
	ProjectSection(ProjectDependencies) = postProject
		{971AB2E6-6B98-3E3A-84FF-EF2F13A9227D} = {971AB2E6-6B98-3E3A-84FF-EF2F13A9227D}
		{563FC4A5-0C04-354C-9558-3422C38565F6} = {563FC4A5-0C04-354C-9558-3422C38565F6}
		{063231E8-34BC-36F2-887E-B83646B5E5EB} = {063231E8-34BC-36F2-887E-B83646B5E5EB}
		{B7E4438F-45D2-3569-92A8-C0CD3C6768DC} = {B7E4438F-45D2-3569-92A8-C0CD3C6768DC}
	EndProjectSection
EndProject
Project("{8BC9CEB8-8B4A-11D0-8D11-00A0C91BC942}") = "x265-static", "x265-static.vcxproj", "{3D949B8B-DB23-3AC1-80A8-F5D08FF0316E}"
	ProjectSection(ProjectDependencies) = postProject
		{971AB2E6-6B98-3E3A-84FF-EF2F13A9227D} = {971AB2E6-6B98-3E3A-84FF-EF2F13A9227D}
		{563FC4A5-0C04-354C-9558-3422C38565F6} = {563FC4A5-0C04-354C-9558-3422C38565F6}
		{063231E8-34BC-36F2-887E-B83646B5E5EB} = {063231E8-34BC-36F2-887E-B83646B5E5EB}
		{B7E4438F-45D2-3569-92A8-C0CD3C6768DC} = {B7E4438F-45D2-3569-92A8-C0CD3C6768DC}
	EndProjectSection
EndProject
Global
	GlobalSection(SolutionConfigurationPlatforms) = preSolution
		Debug|x64 = Debug|x64
		Release|x64 = Release|x64
		MinSizeRel|x64 = MinSizeRel|x64
		RelWithDebInfo|x64 = RelWithDebInfo|x64
	EndGlobalSection
	GlobalSection(ProjectConfigurationPlatforms) = postSolution
		{097A827F-B95F-3B29-A4E5-5BD4632B5F7C}.Debug|x64.ActiveCfg = Debug|x64
		{097A827F-B95F-3B29-A4E5-5BD4632B5F7C}.Debug|x64.Build.0 = Debug|x64
		{097A827F-B95F-3B29-A4E5-5BD4632B5F7C}.Release|x64.ActiveCfg = Release|x64
		{097A827F-B95F-3B29-A4E5-5BD4632B5F7C}.Release|x64.Build.0 = Release|x64
		{097A827F-B95F-3B29-A4E5-5BD4632B5F7C}.MinSizeRel|x64.ActiveCfg = MinSizeRel|x64
		{097A827F-B95F-3B29-A4E5-5BD4632B5F7C}.MinSizeRel|x64.Build.0 = MinSizeRel|x64
		{097A827F-B95F-3B29-A4E5-5BD4632B5F7C}.RelWithDebInfo|x64.ActiveCfg = RelWithDebInfo|x64
		{097A827F-B95F-3B29-A4E5-5BD4632B5F7C}.RelWithDebInfo|x64.Build.0 = RelWithDebInfo|x64
		{ADD3C42E-AA5F-3357-A1D0-112892249512}.Debug|x64.ActiveCfg = Debug|x64
		{ADD3C42E-AA5F-3357-A1D0-112892249512}.Release|x64.ActiveCfg = Release|x64
		{ADD3C42E-AA5F-3357-A1D0-112892249512}.MinSizeRel|x64.ActiveCfg = MinSizeRel|x64
		{ADD3C42E-AA5F-3357-A1D0-112892249512}.RelWithDebInfo|x64.ActiveCfg = RelWithDebInfo|x64
		{971AB2E6-6B98-3E3A-84FF-EF2F13A9227D}.Debug|x64.ActiveCfg = Debug|x64
		{971AB2E6-6B98-3E3A-84FF-EF2F13A9227D}.Debug|x64.Build.0 = Debug|x64
		{971AB2E6-6B98-3E3A-84FF-EF2F13A9227D}.Release|x64.ActiveCfg = Release|x64
		{971AB2E6-6B98-3E3A-84FF-EF2F13A9227D}.Release|x64.Build.0 = Release|x64
		{971AB2E6-6B98-3E3A-84FF-EF2F13A9227D}.MinSizeRel|x64.ActiveCfg = MinSizeRel|x64
		{971AB2E6-6B98-3E3A-84FF-EF2F13A9227D}.MinSizeRel|x64.Build.0 = MinSizeRel|x64
		{971AB2E6-6B98-3E3A-84FF-EF2F13A9227D}.RelWithDebInfo|x64.ActiveCfg = RelWithDebInfo|x64
		{971AB2E6-6B98-3E3A-84FF-EF2F13A9227D}.RelWithDebInfo|x64.Build.0 = RelWithDebInfo|x64
		{AF1CDB25-BC00-3BBC-9C21-A52195BD9B25}.Debug|x64.ActiveCfg = Debug|x64
		{AF1CDB25-BC00-3BBC-9C21-A52195BD9B25}.Debug|x64.Build.0 = Debug|x64
		{AF1CDB25-BC00-3BBC-9C21-A52195BD9B25}.Release|x64.ActiveCfg = Release|x64
		{AF1CDB25-BC00-3BBC-9C21-A52195BD9B25}.Release|x64.Build.0 = Release|x64
		{AF1CDB25-BC00-3BBC-9C21-A52195BD9B25}.MinSizeRel|x64.ActiveCfg = MinSizeRel|x64
		{AF1CDB25-BC00-3BBC-9C21-A52195BD9B25}.MinSizeRel|x64.Build.0 = MinSizeRel|x64
		{AF1CDB25-BC00-3BBC-9C21-A52195BD9B25}.RelWithDebInfo|x64.ActiveCfg = RelWithDebInfo|x64
		{AF1CDB25-BC00-3BBC-9C21-A52195BD9B25}.RelWithDebInfo|x64.Build.0 = RelWithDebInfo|x64
		{563FC4A5-0C04-354C-9558-3422C38565F6}.Debug|x64.ActiveCfg = Debug|x64
		{563FC4A5-0C04-354C-9558-3422C38565F6}.Debug|x64.Build.0 = Debug|x64
		{563FC4A5-0C04-354C-9558-3422C38565F6}.Release|x64.ActiveCfg = Release|x64
		{563FC4A5-0C04-354C-9558-3422C38565F6}.Release|x64.Build.0 = Release|x64
		{563FC4A5-0C04-354C-9558-3422C38565F6}.MinSizeRel|x64.ActiveCfg = MinSizeRel|x64
		{563FC4A5-0C04-354C-9558-3422C38565F6}.MinSizeRel|x64.Build.0 = MinSizeRel|x64
		{563FC4A5-0C04-354C-9558-3422C38565F6}.RelWithDebInfo|x64.ActiveCfg = RelWithDebInfo|x64
		{563FC4A5-0C04-354C-9558-3422C38565F6}.RelWithDebInfo|x64.Build.0 = RelWithDebInfo|x64
		{063231E8-34BC-36F2-887E-B83646B5E5EB}.Debug|x64.ActiveCfg = Debug|x64
		{063231E8-34BC-36F2-887E-B83646B5E5EB}.Debug|x64.Build.0 = Debug|x64
		{063231E8-34BC-36F2-887E-B83646B5E5EB}.Release|x64.ActiveCfg = Release|x64
		{063231E8-34BC-36F2-887E-B83646B5E5EB}.Release|x64.Build.0 = Release|x64
		{063231E8-34BC-36F2-887E-B83646B5E5EB}.MinSizeRel|x64.ActiveCfg = MinSizeRel|x64
		{063231E8-34BC-36F2-887E-B83646B5E5EB}.MinSizeRel|x64.Build.0 = MinSizeRel|x64
		{063231E8-34BC-36F2-887E-B83646B5E5EB}.RelWithDebInfo|x64.ActiveCfg = RelWithDebInfo|x64
		{063231E8-34BC-36F2-887E-B83646B5E5EB}.RelWithDebInfo|x64.Build.0 = RelWithDebInfo|x64
		{B7E4438F-45D2-3569-92A8-C0CD3C6768DC}.Debug|x64.ActiveCfg = Debug|x64
		{B7E4438F-45D2-3569-92A8-C0CD3C6768DC}.Debug|x64.Build.0 = Debug|x64
		{B7E4438F-45D2-3569-92A8-C0CD3C6768DC}.Release|x64.ActiveCfg = Release|x64
		{B7E4438F-45D2-3569-92A8-C0CD3C6768DC}.Release|x64.Build.0 = Release|x64
		{B7E4438F-45D2-3569-92A8-C0CD3C6768DC}.MinSizeRel|x64.ActiveCfg = MinSizeRel|x64
		{B7E4438F-45D2-3569-92A8-C0CD3C6768DC}.MinSizeRel|x64.Build.0 = MinSizeRel|x64
		{B7E4438F-45D2-3569-92A8-C0CD3C6768DC}.RelWithDebInfo|x64.ActiveCfg = RelWithDebInfo|x64
		{B7E4438F-45D2-3569-92A8-C0CD3C6768DC}.RelWithDebInfo|x64.Build.0 = RelWithDebInfo|x64
		{C3ED7078-6468-30B9-B81D-86A76165005E}.Debug|x64.ActiveCfg = Debug|x64
		{C3ED7078-6468-30B9-B81D-86A76165005E}.Debug|x64.Build.0 = Debug|x64
		{C3ED7078-6468-30B9-B81D-86A76165005E}.Release|x64.ActiveCfg = Release|x64
		{C3ED7078-6468-30B9-B81D-86A76165005E}.Release|x64.Build.0 = Release|x64
		{C3ED7078-6468-30B9-B81D-86A76165005E}.MinSizeRel|x64.ActiveCfg = MinSizeRel|x64
		{C3ED7078-6468-30B9-B81D-86A76165005E}.MinSizeRel|x64.Build.0 = MinSizeRel|x64
		{C3ED7078-6468-30B9-B81D-86A76165005E}.RelWithDebInfo|x64.ActiveCfg = RelWithDebInfo|x64
		{C3ED7078-6468-30B9-B81D-86A76165005E}.RelWithDebInfo|x64.Build.0 = RelWithDebInfo|x64
		{6E32B230-40FD-3627-8897-1DA3539F4AF4}.Debug|x64.ActiveCfg = Debug|x64
		{6E32B230-40FD-3627-8897-1DA3539F4AF4}.Debug|x64.Build.0 = Debug|x64
		{6E32B230-40FD-3627-8897-1DA3539F4AF4}.Release|x64.ActiveCfg = Release|x64
		{6E32B230-40FD-3627-8897-1DA3539F4AF4}.Release|x64.Build.0 = Release|x64
		{6E32B230-40FD-3627-8897-1DA3539F4AF4}.MinSizeRel|x64.ActiveCfg = MinSizeRel|x64
		{6E32B230-40FD-3627-8897-1DA3539F4AF4}.MinSizeRel|x64.Build.0 = MinSizeRel|x64
		{6E32B230-40FD-3627-8897-1DA3539F4AF4}.RelWithDebInfo|x64.ActiveCfg = RelWithDebInfo|x64
		{6E32B230-40FD-3627-8897-1DA3539F4AF4}.RelWithDebInfo|x64.Build.0 = RelWithDebInfo|x64
		{651F796A-F8A9-3EEC-8CD4-29674E4D161A}.Debug|x64.ActiveCfg = Debug|x64
		{651F796A-F8A9-3EEC-8CD4-29674E4D161A}.Release|x64.ActiveCfg = Release|x64
		{651F796A-F8A9-3EEC-8CD4-29674E4D161A}.MinSizeRel|x64.ActiveCfg = MinSizeRel|x64
		{651F796A-F8A9-3EEC-8CD4-29674E4D161A}.RelWithDebInfo|x64.ActiveCfg = RelWithDebInfo|x64
		{C2E0C44D-79A0-3C23-95F7-A6BA245B6C60}.Debug|x64.ActiveCfg = Debug|x64
		{C2E0C44D-79A0-3C23-95F7-A6BA245B6C60}.Debug|x64.Build.0 = Debug|x64
		{C2E0C44D-79A0-3C23-95F7-A6BA245B6C60}.Release|x64.ActiveCfg = Release|x64
		{C2E0C44D-79A0-3C23-95F7-A6BA245B6C60}.Release|x64.Build.0 = Release|x64
		{C2E0C44D-79A0-3C23-95F7-A6BA245B6C60}.MinSizeRel|x64.ActiveCfg = MinSizeRel|x64
		{C2E0C44D-79A0-3C23-95F7-A6BA245B6C60}.MinSizeRel|x64.Build.0 = MinSizeRel|x64
		{C2E0C44D-79A0-3C23-95F7-A6BA245B6C60}.RelWithDebInfo|x64.ActiveCfg = RelWithDebInfo|x64
		{C2E0C44D-79A0-3C23-95F7-A6BA245B6C60}.RelWithDebInfo|x64.Build.0 = RelWithDebInfo|x64
		{3D949B8B-DB23-3AC1-80A8-F5D08FF0316E}.Debug|x64.ActiveCfg = Debug|x64
		{3D949B8B-DB23-3AC1-80A8-F5D08FF0316E}.Debug|x64.Build.0 = Debug|x64
		{3D949B8B-DB23-3AC1-80A8-F5D08FF0316E}.Release|x64.ActiveCfg = Release|x64
		{3D949B8B-DB23-3AC1-80A8-F5D08FF0316E}.Release|x64.Build.0 = Release|x64
		{3D949B8B-DB23-3AC1-80A8-F5D08FF0316E}.MinSizeRel|x64.ActiveCfg = MinSizeRel|x64
		{3D949B8B-DB23-3AC1-80A8-F5D08FF0316E}.MinSizeRel|x64.Build.0 = MinSizeRel|x64
		{3D949B8B-DB23-3AC1-80A8-F5D08FF0316E}.RelWithDebInfo|x64.ActiveCfg = RelWithDebInfo|x64
		{3D949B8B-DB23-3AC1-80A8-F5D08FF0316E}.RelWithDebInfo|x64.Build.0 = RelWithDebInfo|x64
	EndGlobalSection
	GlobalSection(ExtensibilityGlobals) = postSolution
		SolutionGuid = {04E3A0A4-17F0-3E03-8E01-DA387BD5FBEB}
	EndGlobalSection
	GlobalSection(ExtensibilityAddIns) = postSolution
	EndGlobalSection
EndGlobal
